version = 1
revision = 3
requires-python = ">=3.13"

[[package]]
name = "corvus-json-schema-rs"
version = "0.1.1"
source = { registry = "https://pypi.org/simple" }
sdist = { url = "https://files.pythonhosted.org/packages/7a/e0/44c5eaeca342167ae63a1905dbe34ba2a0bde32eb6e3113d5b1e72dd4404/corvus_json_schema_rs-0.1.1.tar.gz", hash = "sha256:77560bc0d28036de30b8288542fe4ede2809e0e3cee74ee0ca60190799a3551c", size = 140391, upload-time = "2026-10-02T09:50:54.515Z" }
wheels = [
    { url = "https://files.pythonhosted.org/packages/11/ac/f2a27d2d4a098e48e002a2ab35dae54b9ebae2dcb6a3e3411f68001c930a/corvus_json_schema_rs-0.1.1-cp310-abi3-macosx_10_12_x86_64.macosx_11_0_arm64.macosx_10_12_universal2.whl", hash = "sha256:bc8d83a6758280dd768ddae4bba17a219503365b127ff2dd97f4fe68d3729582", size = 2843742, upload-time = "2026-10-02T09:50:44.097Z" },
    { url = "https://files.pythonhosted.org/packages/b1/c6/bd83c1a8a1f99244736d2caf8f3840804277c86a66c3f5ceb96873afe5ba/corvus_json_schema_rs-0.1.1-cp310-abi3-manylinux_2_17_aarch64.manylinux2014_aarch64.whl", hash = "sha256:e8a1bea175135567833c5558f47dde9675567fc6effa7ed692dd1d19c829ad3e", size = 1512941, upload-time = "2026-10-02T09:50:45.713Z" },
    { url = "https://files.pythonhosted.org/packages/73/9d/ccd9c3c5caffa33fc44cd8cf1fc2d5206e18001b6daf40aab02af8f789c8/corvus_json_schema_rs-0.1.1-cp310-abi3-manylinux_2_17_x86_64.manylinux2014_x86_64.whl", hash = "sha256:163c1792c418b1d18f900df2b25a77a5f1b4a9731c7bdf61755132ea0b554dda", size = 1566581, upload-time = "2026-10-02T09:50:47.382Z" },
    { url = "https://files.pythonhosted.org/packages/0c/09/b607d3d0d34fc8e44b06f5797556078f159b07ae2d81d7708b33ce00de85/corvus_json_schema_rs-0.1.1-cp310-abi3-musllinux_1_2_aarch64.whl", hash = "sha256:2d96345f6cd3e96cca21d3fc145a63702d62fa24a32c685d04be26e7e2511e90", size = 1691100, upload-time = "2026-10-02T09:50:48.661Z" },
    { url = "https://files.pythonhosted.org/packages/10/fa/6ddee94d2de8a89ae904c564dbef0676982b5f6cf04e1b57933d9d61bdc4/corvus_json_schema_rs-0.1.1-cp310-abi3-musllinux_1_2_x86_64.whl", hash = "sha256:55bf056a226a514a33a1c74a611762de378ddbdd031f329978668beb18f8f8af", size = 1796346, upload-time = "2026-10-02T09:50:50.034Z" },
    { url = "https://files.pythonhosted.org/packages/cf/d3/0b330f097a43d19d000df061d82ee8a09d7f6f38beca16177311674fb6d4/corvus_json_schema_rs-0.1.1-cp310-abi3-win_amd64.whl", hash = "sha256:0d497b310795b57f6952b1169f56887f0d1e6920c910f378d27ce938c6c0d9de", size = 1402929, upload-time = "2026-10-02T09:50:51.422Z" },
    { url = "https://files.pythonhosted.org/packages/1a/4a/37835bd6d12e89154d1e7b59325dd26af0a03a4ce385837d2a0ca02c7034/corvus_json_schema_rs-0.1.1-cp310-abi3-win_arm64.whl", hash = "sha256:da7c23ae98b73a34082537c84969b9f51c5cfe4891c9a5012b96041522267a35", size = 1305594, upload-time = "2026-10-02T09:50:52.667Z" },
]

[[package]]
name = "corvus-py-rs-benchmark"
version = "0.1.0"
source = { virtual = "." }
dependencies = [
    { name = "corvus-json-schema-rs" },
]

[package.metadata]
requires-dist = [{ name = "corvus-json-schema-rs", specifier = ">=0.1.1" }]
