version = 1
revision = 3
requires-python = ">=3.13"

[[package]]
name = "corvus-json-schema"
version = "0.1.0"
source = { registry = "https://pypi.org/simple" }
dependencies = [
    { name = "regex" },
]
sdist = { url = "https://files.pythonhosted.org/packages/dd/23/aba2e13340315c132a9ce7d7fb2224c2d211020e594091ef87c993ca6634/corvus_json_schema-0.1.0.tar.gz", hash = "sha256:68e5f0133639e79dbe9161df3fcef27c40c89e087c7b12ed64b0a102211689c5", size = 79285, upload-time = "2026-10-01T21:19:41.564Z" }
wheels = [
    { url = "https://files.pythonhosted.org/packages/e4/5c/3936e263863a7c3547e017ff61aca189bb9cebf9312197e775dafa19fd84/corvus_json_schema-0.1.0-py3-none-any.whl", hash = "sha256:8cb1a1484d22955abaa6ba5ead5b2cfbf0df8acc822d2c6307f7f19cb94d3240", size = 86372, upload-time = "2026-10-01T21:19:39.912Z" },
]

[[package]]
name = "corvus-py-benchmark"
version = "0.1.0"
source = { virtual = "." }
dependencies = [
    { name = "corvus-json-schema" },
]

[package.metadata]
requires-dist = [{ name = "corvus-json-schema", specifier = ">=0.1.0" }]

[[package]]
name = "regex"
version = "2026.9.29"
source = { registry = "https://pypi.org/simple" }
sdist = { url = "https://files.pythonhosted.org/packages/fc/f2/af1da9d3ceed77bfcdce40427d49ba0be94e4fe84245e3bfef68c10e75b6/regex-2026.9.29.tar.gz", hash = "sha256:8b5fcc4771732191b2b7d1dd68d8f0353f47f8d90b6150f6dce58bf1112442cb", size = 419199, upload-time = "2026-09-29T00:49:58.298Z" }
wheels = [
    { url = "https://files.pythonhosted.org/packages/79/d5/6080f7d1a6e7e36aa720f806ac93c035ba39c209ae6cc510e8ef4c0279c6/regex-2026.9.29-cp313-cp313-macosx_10_13_universal2.whl", hash = "sha256:f1a0d5117230dd46b399a30a38afa44f79c99f3168988fdc4f425c3f928b39df", size = 497622, upload-time = "2026-09-29T00:47:08.251Z" },
    { url = "https://files.pythonhosted.org/packages/00/71/c87fc7a2e21a42f9d57489db32951c37eef56d153840459a80d464f0321d/regex-2026.9.29-cp313-cp313-macosx_10_13_x86_64.whl", hash = "sha256:f0fe9834e5aeccaf19a0d8feb296d66a24be1a7c9922002f842a682cd5abb787", size = 296281, upload-time = "2026-09-29T00:47:09.764Z" },
    { url = "https://files.pythonhosted.org/packages/11/9e/aa0f4cde3bc4688c1d58b0cd8415edd708339bc0bc401a195b0b1e8c8f0c/regex-2026.9.29-cp313-cp313-macosx_11_0_arm64.whl", hash = "sha256:c90fcf7804ea0a54b896ce0f2b9565350220b8d4890fd0db461a476a4c687963", size = 293472, upload-time = "2026-09-29T00:47:11.723Z" },
    { url = "https://files.pythonhosted.org/packages/90/d4/e835c487850ed922a8d6074f953b888c8ea99775c76b9ed5f8a4d72eab92/regex-2026.9.29-cp313-cp313-manylinux2014_aarch64.manylinux_2_17_aarch64.manylinux_2_28_aarch64.whl", hash = "sha256:e11edba5bc344a32b029a7af9d4b3173982dd79eeafa0b9dbd787364414b0509", size = 805966, upload-time = "2026-09-29T00:47:13.235Z" },
    { url = "https://files.pythonhosted.org/packages/2c/57/ba8809847fbae8d2cbc71367c6ded510a7ec88bf52493c65efc1acf4effb/regex-2026.9.29-cp313-cp313-manylinux2014_ppc64le.manylinux_2_17_ppc64le.manylinux_2_28_ppc64le.whl", hash = "sha256:bb90e7177944b6684738c1fc36aabd2dd00d1de3be7dbe09f91e196f1bc0dc81", size = 878346, upload-time = "2026-09-29T00:47:14.877Z" },
    { url = "https://files.pythonhosted.org/packages/1a/52/e3da19fc3cc15ef67ab67e121e87887c3bccfdb683a7a9ec557c460ca5b7/regex-2026.9.29-cp313-cp313-manylinux2014_s390x.manylinux_2_17_s390x.manylinux_2_28_s390x.whl", hash = "sha256:d06fcdecc10fc7954d7c8f27a03c96055fe525274dc84a7b0dbdc3d6b9e03dab", size = 919250, upload-time = "2026-09-29T00:47:16.622Z" },
    { url = "https://files.pythonhosted.org/packages/9a/8e/c1ed81f55f992f6aa0b699a592a50c1ce9e6d44ff1aee2c14c0537dcef9c/regex-2026.9.29-cp313-cp313-manylinux2014_x86_64.manylinux_2_17_x86_64.manylinux_2_28_x86_64.whl", hash = "sha256:d49c18f1ea294cf4adde2e5ac256e98c82ea9d708462ce4bf799dffa7cfe8a2c", size = 807902, upload-time = "2026-09-29T00:47:18.268Z" },
    { url = "https://files.pythonhosted.org/packages/ad/bc/5a6886eb470e41040e21e05b75024a18b6ebfe7ea400b72094a60f949101/regex-2026.9.29-cp313-cp313-manylinux_2_31_riscv64.manylinux_2_39_riscv64.whl", hash = "sha256:3e778bfccd63075167709136afbc251c1f683758d5bf49c803c60ac3f894ce6b", size = 783514, upload-time = "2026-09-29T00:47:19.921Z" },
    { url = "https://files.pythonhosted.org/packages/cb/52/6d951d453b023c6edb880f1ba474291b53b8ce1cc438b96a9db6d791d991/regex-2026.9.29-cp313-cp313-musllinux_1_2_aarch64.whl", hash = "sha256:686ac5350fceae63830bb98805fcb8039325bf4c06d9f6f048ff65229d5bffa5", size = 793466, upload-time = "2026-09-29T00:47:21.552Z" },
    { url = "https://files.pythonhosted.org/packages/99/b9/d5a41adc08360f5eee0dc4846c578f002366947211fc8af5a69a64ee7b9f/regex-2026.9.29-cp313-cp313-musllinux_1_2_ppc64le.whl", hash = "sha256:26ec4ccce55aa533fbd603d08911b01101a8fcfec987845ac3ae2c7087b2bde3", size = 869464, upload-time = "2026-09-29T00:47:23.276Z" },
    { url = "https://files.pythonhosted.org/packages/4b/32/d76c9d91f5d798e2e9e67f6f85ec4ae35445ac425f7454797311cecb80ca/regex-2026.9.29-cp313-cp313-musllinux_1_2_riscv64.whl", hash = "sha256:a655d34b2a6943af32401f3d94f72e9d731f6ad16285815550bf2b4ee69d420a", size = 770278, upload-time = "2026-09-29T00:47:25.193Z" },
    { url = "https://files.pythonhosted.org/packages/24/00/aeebdb540c620a0f7317f6d6fad80a47729ecf0599a24b5c34ec155351f5/regex-2026.9.29-cp313-cp313-musllinux_1_2_s390x.whl", hash = "sha256:0c992c19cd45058a4b92f68f139c93db168b48fb1f322c9a7cd620806afb6b51", size = 861949, upload-time = "2026-09-29T00:47:27.005Z" },
    { url = "https://files.pythonhosted.org/packages/12/62/d0314bcedfd3586197e4596931fa220260eb2385bf53184e5b9ae67db24b/regex-2026.9.29-cp313-cp313-musllinux_1_2_x86_64.whl", hash = "sha256:ebb8912f565b8cdbbf27debfe00df04202c20e2f651b9e32767930c5eace3621", size = 796602, upload-time = "2026-09-29T00:47:29.233Z" },
    { url = "https://files.pythonhosted.org/packages/ae/c7/d5a8c13a613facb03e0fb55c1ebaaf7bb35d8e2c1abe8bef8dca809fc1d9/regex-2026.9.29-cp313-cp313-win32.whl", hash = "sha256:4d7d93613b01b0199961330e49cfc52d479b3d5776c56c691db31130c0a07d91", size = 269306, upload-time = "2026-09-29T00:47:31.14Z" },
    { url = "https://files.pythonhosted.org/packages/80/a7/bf93a3a6afa5f7bc16b7afb94ae581b01cae620b8ad56bd8f9572a985959/regex-2026.9.29-cp313-cp313-win_amd64.whl", hash = "sha256:61956f074ecd123f55adca68ee3eab46e6a07ad3f8e64e6db95dfacb444f55c4", size = 280307, upload-time = "2026-09-29T00:47:32.709Z" },
    { url = "https://files.pythonhosted.org/packages/b2/7d/388274e53605a86297f433a08102a7bbdcf9379d47683d307ccaefd88e2c/regex-2026.9.29-cp313-cp313-win_arm64.whl", hash = "sha256:bfc71e6d970419c1309b3640305298643e2a734cad3f7cfb6d2ddee4175ab53d", size = 279599, upload-time = "2026-09-29T00:47:34.674Z" },
    { url = "https://files.pythonhosted.org/packages/93/1f/d9dc6f02f569625faf67a4daec926cd5023472dcd69bb44286dccd5a5ab3/regex-2026.9.29-cp314-cp314-macosx_10_15_universal2.whl", hash = "sha256:957bb708e8057ab1649ba566456429d691ec9b90d1c9ad1af1ba7ffbbeaf05f2", size = 497598, upload-time = "2026-09-29T00:47:36.541Z" },
    { url = "https://files.pythonhosted.org/packages/9c/83/9b693a3fd1451381e812031a8961ec5b3b8f0c8cc6871f14c5223642804d/regex-2026.9.29-cp314-cp314-macosx_10_15_x86_64.whl", hash = "sha256:c9b602fae1e00b7c035d661ce85575365719192a7b46784bd71cf64c68053aa0", size = 296250, upload-time = "2026-09-29T00:47:38.233Z" },
    { url = "https://files.pythonhosted.org/packages/dd/5f/52bc2abc3fef040cd9de76ab29c918d6a717a454ae2b9dd7938b0c95656d/regex-2026.9.29-cp314-cp314-macosx_11_0_arm64.whl", hash = "sha256:0166844493626c5015c6088ee15c9ca2fd060ca15b7641d1657da6a58432ae33", size = 293518, upload-time = "2026-09-29T00:47:39.957Z" },
    { url = "https://files.pythonhosted.org/packages/dc/fc/cf50671215ee0057046980b4571ef8646a005819bb67f0957e779ed107a5/regex-2026.9.29-cp314-cp314-manylinux2014_aarch64.manylinux_2_17_aarch64.manylinux_2_28_aarch64.whl", hash = "sha256:b97a38fb4c732b6832db6bf108963adbcd82ef1268ba2025dce390f45af75efa", size = 806037, upload-time = "2026-09-29T00:47:41.676Z" },
    { url = "https://files.pythonhosted.org/packages/14/4b/dddef8fc15c63e4347cc9efb138d0cd306f30e6c98acbcc81a8f780083b9/regex-2026.9.29-cp314-cp314-manylinux2014_ppc64le.manylinux_2_17_ppc64le.manylinux_2_28_ppc64le.whl", hash = "sha256:a540abfab208e1b7ef2df231c40ef3b6cbb30a0aad6204e9b6a81c10a6794628", size = 878881, upload-time = "2026-09-29T00:47:43.755Z" },
    { url = "https://files.pythonhosted.org/packages/9f/cb/38daabed32d28f7e58a06e9344ce00dc67952e9996bc578ed6a29fe1240e/regex-2026.9.29-cp314-cp314-manylinux2014_s390x.manylinux_2_17_s390x.manylinux_2_28_s390x.whl", hash = "sha256:ddfa987262763c3c22a8367d2a49c244b018a74c3a8e3ab1a864119ad45c5633", size = 918684, upload-time = "2026-09-29T00:47:45.594Z" },
    { url = "https://files.pythonhosted.org/packages/a9/4d/041d9458a645fee4fce4d642a89d27271a3cfcd91095104f6dde44da70bf/regex-2026.9.29-cp314-cp314-manylinux2014_x86_64.manylinux_2_17_x86_64.manylinux_2_28_x86_64.whl", hash = "sha256:2f7f7aa47b229f2b39a2ae2596d2ad5625d77b5eb9856fac2dab3eb506cdd0a0", size = 807176, upload-time = "2026-09-29T00:47:47.372Z" },
    { url = "https://files.pythonhosted.org/packages/bf/c4/4383eed7aa5aef67616cb1b3f3ad06b7c624c4e6cced48630cd5ce133d85/regex-2026.9.29-cp314-cp314-manylinux_2_31_riscv64.manylinux_2_39_riscv64.whl", hash = "sha256:d9b77b25b4f395f92de6099ab08e8ae2bc7e51dfe157f22900902243a5cc90c7", size = 784315, upload-time = "2026-09-29T00:47:49.518Z" },
    { url = "https://files.pythonhosted.org/packages/5c/a6/0086ad31cebb183c637d3198547075aa493afde308e1ff61fccccb29ba6e/regex-2026.9.29-cp314-cp314-musllinux_1_2_aarch64.whl", hash = "sha256:34b6925af9853bf461950e6508910f179fd6e9b1a7ec8548e069606b7e51a26b", size = 793748, upload-time = "2026-09-29T00:47:51.279Z" },
    { url = "https://files.pythonhosted.org/packages/d5/a0/f9005cba3f629a859573fc5d1224ea4e1f97919ec8581d018e03a351a604/regex-2026.9.29-cp314-cp314-musllinux_1_2_ppc64le.whl", hash = "sha256:addd736a0547d553283adaf4e05d7104e7f2c7b0b092e9b4d28756825f14531f", size = 870302, upload-time = "2026-09-29T00:47:53.368Z" },
    { url = "https://files.pythonhosted.org/packages/01/4f/e1a3e46bb5315a4e18b01a990e7a28e2a16595609d50c442baf2815a3c65/regex-2026.9.29-cp314-cp314-musllinux_1_2_riscv64.whl", hash = "sha256:fe3fa1dd453ed5c7f5ea23a26218329790ed7197a99b90e94330e313959a7f52", size = 770299, upload-time = "2026-09-29T00:47:55.606Z" },
    { url = "https://files.pythonhosted.org/packages/2c/fe/f303b4acfda44e1ff1379368748c1ef2dad04a6a8e9c0ecbc970b19d97ca/regex-2026.9.29-cp314-cp314-musllinux_1_2_s390x.whl", hash = "sha256:0cc63b5e47c12a48d90c7e9d7de6a035dd14f62868aaedbb4e0ff8ba2b8bfe7b", size = 861570, upload-time = "2026-09-29T00:47:57.617Z" },
    { url = "https://files.pythonhosted.org/packages/60/b6/b4f7e99249f596017c60ccad5faf9310fc8e3e59bb2244940a90a1b0bdff/regex-2026.9.29-cp314-cp314-musllinux_1_2_x86_64.whl", hash = "sha256:724184b4aafed865e4f13ca313fdcb43024300c028ec67319cfa16847d84685e", size = 795967, upload-time = "2026-09-29T00:47:59.922Z" },
    { url = "https://files.pythonhosted.org/packages/fb/d3/fc865a4638d9f6762192b6bab5b7aa1f33a90e9e99578c2e111e2a63c8c3/regex-2026.9.29-cp314-cp314-win32.whl", hash = "sha256:c6c8fabf1dafc1f1ddcbb67896d3f93efb092e8c4b6322d7389b944e76a484e5", size = 274758, upload-time = "2026-09-29T00:48:01.8Z" },
    { url = "https://files.pythonhosted.org/packages/31/e2/c2b466924ccbeb874862968ca638051b15a8fd29d994a0e99004a5cbf78e/regex-2026.9.29-cp314-cp314-win_amd64.whl", hash = "sha256:1c2a0026062abcc321a53db4a185ceba0b59a66b5d37b0808917a88b55a5257f", size = 283817, upload-time = "2026-09-29T00:48:03.614Z" },
    { url = "https://files.pythonhosted.org/packages/c6/42/ea0f8dbaa924fa75c6338935eaee2f44dab369b27f02db1e03d74344b049/regex-2026.9.29-cp314-cp314-win_arm64.whl", hash = "sha256:121a76a0985db80ceae9e171c337f8c927868e37d01b54e3ce87bc87f9c6a208", size = 283663, upload-time = "2026-09-29T00:48:05.624Z" },
    { url = "https://files.pythonhosted.org/packages/44/48/d58e5081119f5c223bbb37d2340acde3d069e1df8e8cd166c37502eee4da/regex-2026.9.29-cp314-cp314t-macosx_10_15_universal2.whl", hash = "sha256:e31f72490b7c12f7790e1e25c3afffd20503ee1bfb43461d7838b871ff244b19", size = 501393, upload-time = "2026-09-29T00:48:07.833Z" },
    { url = "https://files.pythonhosted.org/packages/72/3c/c49945287d4f9efee7d41f98072f8ad880efb8f430595a612fbdea996a4e/regex-2026.9.29-cp314-cp314t-macosx_10_15_x86_64.whl", hash = "sha256:80ea96f5c1a30bf09007d48466521d9c294bebe197c708c3359096e3e3691632", size = 298237, upload-time = "2026-09-29T00:48:09.684Z" },
    { url = "https://files.pythonhosted.org/packages/f9/1f/688cb61c3d4cf7bcc1ed444b5cc49399eba3e51c469ae285cf87fea3022e/regex-2026.9.29-cp314-cp314t-macosx_11_0_arm64.whl", hash = "sha256:554bffadcbcb6d5f4e5fb10a61cc52084b9a63d1dab5f10bcd2c4343972e8e2c", size = 295936, upload-time = "2026-09-29T00:48:11.454Z" },
    { url = "https://files.pythonhosted.org/packages/26/a3/de43ac6b877b7d09c19a3a426b1bd5acdd209eaaf68f406466f80439ccf6/regex-2026.9.29-cp314-cp314t-manylinux2014_aarch64.manylinux_2_17_aarch64.manylinux_2_28_aarch64.whl", hash = "sha256:864e9b87ac33c3fb9fb4ad48166d4fdb579c351d5c77deb0d34bccb36a775cd9", size = 816905, upload-time = "2026-09-29T00:48:13.321Z" },
    { url = "https://files.pythonhosted.org/packages/62/14/9940763201c51d537786304984c67d0fc3d2ed18837ffb6f09a869f6b6c9/regex-2026.9.29-cp314-cp314t-manylinux2014_ppc64le.manylinux_2_17_ppc64le.manylinux_2_28_ppc64le.whl", hash = "sha256:044265d77d94f5e3cb2fd72c76723807c429cb8c533e9d4672d0334a6f14f588", size = 881527, upload-time = "2026-09-29T00:48:15.313Z" },
    { url = "https://files.pythonhosted.org/packages/d3/e1/c842d8df0b23245ebf202f8ab9c39fd48e2db39959454ec39a41c8c72082/regex-2026.9.29-cp314-cp314t-manylinux2014_s390x.manylinux_2_17_s390x.manylinux_2_28_s390x.whl", hash = "sha256:2089fe39c406784d90101c726755ffa1497bb74638fd434300d2b88006186de8", size = 923115, upload-time = "2026-09-29T00:48:17.328Z" },
    { url = "https://files.pythonhosted.org/packages/d8/c1/98622479e3c354a446a75232e522d747d2b3df23092dcd8a5309380a2020/regex-2026.9.29-cp314-cp314t-manylinux2014_x86_64.manylinux_2_17_x86_64.manylinux_2_28_x86_64.whl", hash = "sha256:0def9fb6abac55492d6d51cddb7225d07d6f279e774e0adc08569a54a5fc8d46", size = 820674, upload-time = "2026-09-29T00:48:19.32Z" },
    { url = "https://files.pythonhosted.org/packages/6c/d0/5808c95f9c79ed27b5eedaafc3df6239ec56a49f2e23ea8f831b18427c82/regex-2026.9.29-cp314-cp314t-manylinux_2_31_riscv64.manylinux_2_39_riscv64.whl", hash = "sha256:888d60953908dcf761aa320c3e390ab8556efbdb551ace63921de90f6ae0848d", size = 793306, upload-time = "2026-09-29T00:48:21.615Z" },
    { url = "https://files.pythonhosted.org/packages/bf/d3/021ca2638671ad20603bcd9b4d5bfa35d2610cd216a043ea7f0b44ea39f6/regex-2026.9.29-cp314-cp314t-musllinux_1_2_aarch64.whl", hash = "sha256:ed511a0708e2297e1d6431e7fb217e3402791e491e02da800658ace4973df1bb", size = 803103, upload-time = "2026-09-29T00:48:23.871Z" },
    { url = "https://files.pythonhosted.org/packages/6b/2d/755c6d13ef9c657378013676c391c7a402166b3f419a464a3e058dcbe533/regex-2026.9.29-cp314-cp314t-musllinux_1_2_ppc64le.whl", hash = "sha256:e1172147d28d8fbcf8cb8d26c41506169f5ad8fe9ec969cb116835a19d4d8eca", size = 872175, upload-time = "2026-09-29T00:48:26.255Z" },
    { url = "https://files.pythonhosted.org/packages/6c/fc/e1cab183b9dafe8597f58c1c766da9bf96204d3b2f232bcf3eeb75ff7b6c/regex-2026.9.29-cp314-cp314t-musllinux_1_2_riscv64.whl", hash = "sha256:92f05c9c42bde5785dc48770bc2194d9f7442544156f951e19cd31b096cec562", size = 777362, upload-time = "2026-09-29T00:48:28.389Z" },
    { url = "https://files.pythonhosted.org/packages/06/7c/e10ea17fba31fb4a1f9d13ed53a2d2a9066a2aea58d7557e263f6d99e7b0/regex-2026.9.29-cp314-cp314t-musllinux_1_2_s390x.whl", hash = "sha256:f37964e4a5e993d2fd45147741e9dff7f34a2d8c00ab94c4ea0514a4677f959e", size = 865606, upload-time = "2026-09-29T00:48:30.4Z" },
    { url = "https://files.pythonhosted.org/packages/8e/6e/69824d9aee1fd41c54ea7264654a47c8d9d84d8a228e11c2bcf4c201ed81/regex-2026.9.29-cp314-cp314t-musllinux_1_2_x86_64.whl", hash = "sha256:951733b1bbdb71e377cec567b409f1a7881b47cfcad84121aa74cb575fa425ea", size = 807945, upload-time = "2026-09-29T00:48:32.375Z" },
    { url = "https://files.pythonhosted.org/packages/89/22/857050a86e21ce60193e02a8ef662521f2e263a645c8b1b905fc136b61a7/regex-2026.9.29-cp314-cp314t-win32.whl", hash = "sha256:65b408d8fcb273e3499e7ef2ce796810da1becd208c7fb4373692a242d79d461", size = 276758, upload-time = "2026-09-29T00:48:34.72Z" },
    { url = "https://files.pythonhosted.org/packages/4d/96/56808fe029553d7d4c703414f2a527faad2ea2bfa9ca094a2e7f8762b530/regex-2026.9.29-cp314-cp314t-win_amd64.whl", hash = "sha256:bf48516e35cf848390ea68850aba53e7c333720d2945b4d2c25b69fc5171723f", size = 286527, upload-time = "2026-09-29T00:48:36.864Z" },
    { url = "https://files.pythonhosted.org/packages/01/aa/074e2cfb3d8101a6a764aba5f7c5d1e21de087483e35bdc0c4ce2eb60364/regex-2026.9.29-cp314-cp314t-win_arm64.whl", hash = "sha256:9173db3be74a35cb6731701094b98120f7ee4876a287882a59cdea1fa7da342f", size = 285954, upload-time = "2026-09-29T00:48:38.901Z" },
    { url = "https://files.pythonhosted.org/packages/a7/dc/d84990386c9dfdf8c377f00f371b241fdc9a2c8aea0e3d66941b2e51be0b/regex-2026.9.29-cp315-cp315-macosx_10_15_universal2.whl", hash = "sha256:c3589f40749acce747510bf5d589d54e376cb0930ea58b35effac97e5312b0c1", size = 497836, upload-time = "2026-09-29T00:48:40.858Z" },
    { url = "https://files.pythonhosted.org/packages/c2/ab/a569ebde875fa12ff8c6c9a30e07503620f195e4be4d54c3d3ee8eecc283/regex-2026.9.29-cp315-cp315-macosx_10_15_x86_64.whl", hash = "sha256:32ab11df9677ca80bcbb5fe4eb1da9109a5019239a054836efc6fa1c64e683cf", size = 296244, upload-time = "2026-09-29T00:48:42.952Z" },
    { url = "https://files.pythonhosted.org/packages/f3/3e/7d548e82a108e7c8b2d5246650e397a2f8db599f9b2e975466939c5b4e70/regex-2026.9.29-cp315-cp315-macosx_11_0_arm64.whl", hash = "sha256:7c03031610e3e6ed1768a2b7a8fc84637c1257b50c5eacaf094c6e17a84fc563", size = 293748, upload-time = "2026-09-29T00:48:44.985Z" },
    { url = "https://files.pythonhosted.org/packages/40/34/a8e19a52f452bbb07b32a2bef70dcdf90c2737049749f74cc12d7486fb4f/regex-2026.9.29-cp315-cp315-manylinux2014_aarch64.manylinux_2_17_aarch64.manylinux_2_28_aarch64.whl", hash = "sha256:42e82e578c904445d4c8a35b8f28052cf567593215fa5db06266fbc6f77aaa2e", size = 807840, upload-time = "2026-09-29T00:48:46.948Z" },
    { url = "https://files.pythonhosted.org/packages/88/7b/11fbd4640b3bb82b72822a63c20ade4013d562d291703a9debeedc24e682/regex-2026.9.29-cp315-cp315-manylinux2014_ppc64le.manylinux_2_17_ppc64le.manylinux_2_28_ppc64le.whl", hash = "sha256:0b65c72739f981377c9c22e0c5c3cd7f42da7bd8a3c9209330fac772c7d893ed", size = 879330, upload-time = "2026-09-29T00:48:49.168Z" },
    { url = "https://files.pythonhosted.org/packages/f3/55/de58c74f1f4e31586d83eb39c56872d686c4e0d0966d151884c833b94ced/regex-2026.9.29-cp315-cp315-manylinux2014_s390x.manylinux_2_17_s390x.manylinux_2_28_s390x.whl", hash = "sha256:4408b2b27a95ca8cc48b7411945753773353b5c93b307754781086c99d3a576f", size = 919251, upload-time = "2026-09-29T00:48:51.322Z" },
    { url = "https://files.pythonhosted.org/packages/81/42/a8c480f6dd5ac59fa28ddae79afd9d7ac7e596fdb61813adc65bb6e674b8/regex-2026.9.29-cp315-cp315-manylinux2014_x86_64.manylinux_2_17_x86_64.manylinux_2_28_x86_64.whl", hash = "sha256:a714befaacbd10092ffe4cea0d3c5f008fb9efe9bc322c715bcdfdee414b9a3d", size = 808808, upload-time = "2026-09-29T00:48:53.529Z" },
    { url = "https://files.pythonhosted.org/packages/68/60/0bc0d1ec8b37ad64be6fa30e035251f11de9667a0fac9e82ee74517d81be/regex-2026.9.29-cp315-cp315-manylinux_2_31_riscv64.manylinux_2_39_riscv64.whl", hash = "sha256:33026515aebc0e70d1c89978e53e8d695d35d9e472f8d5b34465ba3c74028650", size = 789907, upload-time = "2026-09-29T00:48:56.036Z" },
    { url = "https://files.pythonhosted.org/packages/da/84/116a3ef19b3acfe81077f0bf2cbc7714a5e94bc8935b7243ab61cb0f1c3c/regex-2026.9.29-cp315-cp315-musllinux_1_2_aarch64.whl", hash = "sha256:31b003f9a070335e2a8233ee9b14a3ca8e6d792012ae011f741bf0aaf11744c5", size = 795770, upload-time = "2026-09-29T00:48:58.284Z" },
    { url = "https://files.pythonhosted.org/packages/96/ba/e38c3f203e7e7e18c957d48e6cb6dbf96c11e95a44efa4a480522afc5d6d/regex-2026.9.29-cp315-cp315-musllinux_1_2_ppc64le.whl", hash = "sha256:c03c6eb6ece86dfdcbb34799efaa339b093132e1aceed491ba5e08fe06cdf699", size = 870671, upload-time = "2026-09-29T00:49:00.506Z" },
    { url = "https://files.pythonhosted.org/packages/2f/0f/9ee0b0cb76c55f63684bd7fff554978e8773b4fc86e2bcb2d50772dc1086/regex-2026.9.29-cp315-cp315-musllinux_1_2_riscv64.whl", hash = "sha256:a5300757f8a68f5b6cc33f57338d72a0e3589c5cc9ad5f8504ea06f028be582a", size = 778631, upload-time = "2026-09-29T00:49:02.984Z" },
    { url = "https://files.pythonhosted.org/packages/b6/19/e6e3eeb226af5872c4958002f6edef4e4f40ea4cc5f5665023f2019eb045/regex-2026.9.29-cp315-cp315-musllinux_1_2_s390x.whl", hash = "sha256:80c7cadd3fd2bfde5df8aa0787e315812cad0c313a753095d02f4c2b6c01677b", size = 862187, upload-time = "2026-09-29T00:49:05.264Z" },
    { url = "https://files.pythonhosted.org/packages/5b/62/823c102e106bb2711d6b7dfe5981552fe4467b2969c46a20c5c383cf498c/regex-2026.9.29-cp315-cp315-musllinux_1_2_x86_64.whl", hash = "sha256:3f1e6cb402a89457582cd696f982559217d13484a193202c394015297968c86d", size = 798423, upload-time = "2026-09-29T00:49:07.644Z" },
    { url = "https://files.pythonhosted.org/packages/37/e0/e927776258fa70b2f6feffc3be584ffc85ba4c1e20a320f0aee9a632fc7d/regex-2026.9.29-cp315-cp315-win32.whl", hash = "sha256:a64b85a4760337cfefdb27d42da6ed8b58e8cde3f2d57b6ef43e76ef6ea9ef47", size = 274757, upload-time = "2026-09-29T00:49:10.513Z" },
    { url = "https://files.pythonhosted.org/packages/77/04/358de85d1860238e1b4fa98fc2c80c990124a25d2e14739e28cc02c25562/regex-2026.9.29-cp315-cp315-win_amd64.whl", hash = "sha256:b3e445b66c80b4eb4234e855ce94d9adc183eedbd632816228d89930b91b2c5b", size = 283824, upload-time = "2026-09-29T00:49:12.849Z" },
    { url = "https://files.pythonhosted.org/packages/92/d3/d5c5b264784a5ab2b0f8cf620c1eeb4dbf3440d306761905e7d99345bef5/regex-2026.9.29-cp315-cp315-win_arm64.whl", hash = "sha256:8f39588af4731c8923c26810eb3b33f76f17633985e40f59c3cd45a33805a895", size = 283664, upload-time = "2026-09-29T00:49:15.331Z" },
    { url = "https://files.pythonhosted.org/packages/02/dc/f63ec2c201445ce1150fe780f5c56f16a10124d9a9da3a93161dbb0d8892/regex-2026.9.29-cp315-cp315t-macosx_10_15_universal2.whl", hash = "sha256:fb99cc9d45f48895d9d67f6a0b8a57f08d39c174d9f25ad97a313e0470267b1c", size = 501549, upload-time = "2026-09-29T00:49:17.705Z" },
    { url = "https://files.pythonhosted.org/packages/9a/5c/d2a698dc6bfc11fbce03f1cb0249c13284e93b79ed11f893edf6fac431c9/regex-2026.9.29-cp315-cp315t-macosx_10_15_x86_64.whl", hash = "sha256:720537c7ea6f80dc61913184edb0ce2497a306b39ef19f28505b322553d52bdb", size = 298187, upload-time = "2026-09-29T00:49:20.171Z" },
    { url = "https://files.pythonhosted.org/packages/85/b7/88dcdb38cd3935d4ee9e9ce9b8e56cb3b3518d1f020acfa7dd62ad289bf8/regex-2026.9.29-cp315-cp315t-macosx_11_0_arm64.whl", hash = "sha256:0fd2c901cc307a745ad4bc87f20060d7a0825a3371d1e93488af22e7a387f78f", size = 296157, upload-time = "2026-09-29T00:49:22.342Z" },
    { url = "https://files.pythonhosted.org/packages/d3/8e/ba6c01dde33a69fc294b38b43f6677baaa5735a6248f39708031a738158a/regex-2026.9.29-cp315-cp315t-manylinux2014_aarch64.manylinux_2_17_aarch64.manylinux_2_28_aarch64.whl", hash = "sha256:b11b589e00095ec69cf79841a76360f9b079e95b0368a25b5ebb951ab0c157ff", size = 818468, upload-time = "2026-09-29T00:49:24.612Z" },
    { url = "https://files.pythonhosted.org/packages/2a/f1/2586693e3a2d6b1247852593d37a6c17b42a92ee44f7cdcb9a0c1494e64a/regex-2026.9.29-cp315-cp315t-manylinux2014_ppc64le.manylinux_2_17_ppc64le.manylinux_2_28_ppc64le.whl", hash = "sha256:d7cab119d0df0b9413f106b4d7fc34f2872d3574ed3806fb48959c830b1537da", size = 882825, upload-time = "2026-09-29T00:49:26.996Z" },
    { url = "https://files.pythonhosted.org/packages/30/51/084f3e7bdcd0e9c33665c938cf5d134dc3548cbb4a75f0197ec7bfd754b1/regex-2026.9.29-cp315-cp315t-manylinux2014_s390x.manylinux_2_17_s390x.manylinux_2_28_s390x.whl", hash = "sha256:b89efc38431793d28b7cd91227e2f952ad7c48df19132b17f43a5fec3c14143b", size = 923314, upload-time = "2026-09-29T00:49:29.822Z" },
    { url = "https://files.pythonhosted.org/packages/5a/f1/066c6fc23b7dc229789c21c880b5ba5ad689fb95fed12e078266f55a1f9b/regex-2026.9.29-cp315-cp315t-manylinux2014_x86_64.manylinux_2_17_x86_64.manylinux_2_28_x86_64.whl", hash = "sha256:80a5ea3b4fd9d6a5b9a44f7976a9acaaab35aa3c1f6b29e5bd857dfabaded223", size = 822222, upload-time = "2026-09-29T00:49:32.404Z" },
    { url = "https://files.pythonhosted.org/packages/0a/56/592cd46fdb8f2f8682a1d7fd1310e4d0bcb93fbd0e6bbe4141ac28240227/regex-2026.9.29-cp315-cp315t-manylinux_2_31_riscv64.manylinux_2_39_riscv64.whl", hash = "sha256:19959129885356df0e97556856f77eb2888380dac18bed075a7c05c5128c618d", size = 794882, upload-time = "2026-09-29T00:49:35.076Z" },
    { url = "https://files.pythonhosted.org/packages/ee/4d/d65384bb071c864b01aa8314e3a6a687845ebd57588390976edc960c218b/regex-2026.9.29-cp315-cp315t-musllinux_1_2_aarch64.whl", hash = "sha256:6a1a824fbed817e0a891103886b68f063b1e83cc51bc97192a90a60195a9291f", size = 805887, upload-time = "2026-09-29T00:49:37.395Z" },
    { url = "https://files.pythonhosted.org/packages/65/b6/358de0d8f40d5178e4f7e7e121cfd5b961c812b77a055d11f5079e3f8fd7/regex-2026.9.29-cp315-cp315t-musllinux_1_2_ppc64le.whl", hash = "sha256:1ba8c6a416569ce0d37e83e28a254a61dc99a419084dfb6476cea02d997f74fa", size = 872901, upload-time = "2026-09-29T00:49:39.927Z" },
    { url = "https://files.pythonhosted.org/packages/00/06/6bfded72d043240c6b52bbb5e16f639d81affbf7484b4fe2ec45f3d4afc9/regex-2026.9.29-cp315-cp315t-musllinux_1_2_riscv64.whl", hash = "sha256:446654b29bfaa30500d80947eda42cef1449dc8a87f4e3cf061cc8485d3a1f0b", size = 782970, upload-time = "2026-09-29T00:49:42.581Z" },
    { url = "https://files.pythonhosted.org/packages/5a/20/9f418a50baa78b3ed8308fcb0cc49e472dd000b7ef935a7295af202ea744/regex-2026.9.29-cp315-cp315t-musllinux_1_2_s390x.whl", hash = "sha256:bf3c49863c23a1ad6da9c30351aed6cff8d5ddbeb63c5c8420ae54e98c7d0138", size = 865441, upload-time = "2026-09-29T00:49:45.238Z" },
    { url = "https://files.pythonhosted.org/packages/2c/29/817c7eacdeaf8463123e949bd394c39ad024eea1ec38ddf5ad141da2f3bd/regex-2026.9.29-cp315-cp315t-musllinux_1_2_x86_64.whl", hash = "sha256:01000ddf0e3ffef97f2413ceb514f6313040106b6d18a03ee00a4fe35c1eb1db", size = 809431, upload-time = "2026-09-29T00:49:47.878Z" },
    { url = "https://files.pythonhosted.org/packages/63/0b/83aab3b5b739947f744135a7a3a446e25433ebc92b05e01aae197ccbfdda/regex-2026.9.29-cp315-cp315t-win32.whl", hash = "sha256:c4e38dd8f39c43a91d2410ad2b85610701b0979342c3df1d69eaf8e838c757d8", size = 276964, upload-time = "2026-09-29T00:49:50.524Z" },
    { url = "https://files.pythonhosted.org/packages/72/f2/6314b5fc68789b5dcc38885bc6e3d6986b34fb3372b7231088ee5cecaa05/regex-2026.9.29-cp315-cp315t-win_amd64.whl", hash = "sha256:e2c89e9b762c57f59d5e99ee8b20202adb892e35f8d3485741340999ca55058e", size = 286487, upload-time = "2026-09-29T00:49:53.224Z" },
    { url = "https://files.pythonhosted.org/packages/56/bc/97b2245c8c7b2dd01f2db74f2bea003cd33c15009b4996a2447f46b5325c/regex-2026.9.29-cp315-cp315t-win_arm64.whl", hash = "sha256:e8c65ef3862a8ad6e86492b6ed9327805dd66904c012bd3649dc67d822ed6c34", size = 285955, upload-time = "2026-09-29T00:49:55.655Z" },
]
