{
  "name": "jsonschema-benchmark-corvus-ts",
  "lockfileVersion": 3,
  "requires": true,
  "packages": {
    "": {
      "name": "jsonschema-benchmark-corvus-ts",
      "dependencies": {
        "@corvus-dotnet/json-schema": "0.1.0"
      }
    },
    "node_modules/@corvus-dotnet/json-schema": {
      "version": "0.1.0",
      "resolved": "https://registry.npmjs.org/@corvus-dotnet/json-schema/-/json-schema-0.1.0.tgz",
      "integrity": "sha512-plsyO1HX1t//tgkFQWeGyuIjUgPsKXQSRkTRCZWxdD68IbcKQjVasi2qX6r9jRv6WBdk0v+Ccy6SzaoooGejbg==",
      "license": "Apache-2.0",
      "bin": {
        "corvus-json-schema": "dist/cli.js"
      },
      "engines": {
        "node": ">=20"
      }
    }
  }
}
